
Microsoft Visual Studio Solution File, Format Version 12.00
# Visual Studio Version 17
VisualStudioVersion = 17.8.34302.71
MinimumVisualStudioVersion = 10.0.40219.1
Project("{FAE04EC0-301F-11D3-BF4B-00C04F79EFBC}") = "Common", "Common\Common.csproj", "{0DCB7D50-8F0E-4569-B68C-4B32AD904469}"
EndProject
Project("{FAE04EC0-301F-11D3-BF4B-00C04F79EFBC}") = "Network", "Network\Network.csproj", "{C669F118-7024-45CE-8933-553378A58C96}"
EndProject
Project("{FAE04EC0-301F-11D3-BF4B-00C04F79EFBC}") = "Testing", "Testing\Testing.csproj", "{DC775E73-9D22-4329-863D-08E429E4BE67}"
EndProject
Project("{FAE04EC0-301F-11D3-BF4B-00C04F79EFBC}") = "Network.LiteNetLibBridge", "Network.LiteNetLibBridge\Network.LiteNetLibBridge.csproj", "{9CCE0B2B-499A-459E-AFCF-E1EC64218F74}"
EndProject
Global
	GlobalSection(SolutionConfigurationPlatforms) = preSolution
		Debug|Any CPU = Debug|Any CPU
		Release|Any CPU = Release|Any CPU
	EndGlobalSection
	GlobalSection(ProjectConfigurationPlatforms) = postSolution
		{0DCB7D50-8F0E-4569-B68C-4B32AD904469}.Debug|Any CPU.ActiveCfg = Debug|Any CPU
		{0DCB7D50-8F0E-4569-B68C-4B32AD904469}.Debug|Any CPU.Build.0 = Debug|Any CPU
		{0DCB7D50-8F0E-4569-B68C-4B32AD904469}.Release|Any CPU.ActiveCfg = Release|Any CPU
		{0DCB7D50-8F0E-4569-B68C-4B32AD904469}.Release|Any CPU.Build.0 = Release|Any CPU
		{C669F118-7024-45CE-8933-553378A58C96}.Debug|Any CPU.ActiveCfg = Debug|Any CPU
		{C669F118-7024-45CE-8933-553378A58C96}.Debug|Any CPU.Build.0 = Debug|Any CPU
		{C669F118-7024-45CE-8933-553378A58C96}.Release|Any CPU.ActiveCfg = Release|Any CPU
		{C669F118-7024-45CE-8933-553378A58C96}.Release|Any CPU.Build.0 = Release|Any CPU
		{DC775E73-9D22-4329-863D-08E429E4BE67}.Debug|Any CPU.ActiveCfg = Debug|Any CPU
		{DC775E73-9D22-4329-863D-08E429E4BE67}.Debug|Any CPU.Build.0 = Debug|Any CPU
		{DC775E73-9D22-4329-863D-08E429E4BE67}.Release|Any CPU.ActiveCfg = Release|Any CPU
		{DC775E73-9D22-4329-863D-08E429E4BE67}.Release|Any CPU.Build.0 = Release|Any CPU
		{9CCE0B2B-499A-459E-AFCF-E1EC64218F74}.Debug|Any CPU.ActiveCfg = Debug|Any CPU
		{9CCE0B2B-499A-459E-AFCF-E1EC64218F74}.Debug|Any CPU.Build.0 = Debug|Any CPU
		{9CCE0B2B-499A-459E-AFCF-E1EC64218F74}.Release|Any CPU.ActiveCfg = Release|Any CPU
		{9CCE0B2B-499A-459E-AFCF-E1EC64218F74}.Release|Any CPU.Build.0 = Release|Any CPU
	EndGlobalSection
	GlobalSection(SolutionProperties) = preSolution
		HideSolutionNode = FALSE
	EndGlobalSection
	GlobalSection(ExtensibilityGlobals) = postSolution
		SolutionGuid = {CA93AE84-3335-4E42-85E3-64392F1AA754}
	EndGlobalSection
EndGlobal
