
Microsoft Visual Studio Solution File, Format Version 12.00
# Visual Studio Version 17
VisualStudioVersion = 17.8.34302.71
MinimumVisualStudioVersion = 10.0.40219.1
Project("{FAE04EC0-301F-11D3-BF4B-00C04F79EFBC}") = "Common", "Common\Common.csproj", "{0DCB7D50-8F0E-4569-B68C-4B32AD904469}"
EndProject
Project("{9A19103F-16F7-4668-BE54-9A1E7A4F7556}") = "Telepathy", "..\Telepathy\Telepathy\Telepathy.csproj", "{3443B723-0527-41A8-B367-95B7FA1AFEDC}"
EndProject
Project("{FAE04EC0-301F-11D3-BF4B-00C04F79EFBC}") = "Test", "Test\Test.csproj", "{13186E55-2C19-4697-95CF-EA3585A8A8F6}"
EndProject
Project("{FAE04EC0-301F-11D3-BF4B-00C04F79EFBC}") = "Networking", "Networking\Networking.csproj", "{B16FA462-A4E7-43B5-AAC1-B980343933C1}"
EndProject
Project("{FAE04EC0-301F-11D3-BF4B-00C04F79EFBC}") = "Discord", "Discord\Discord.csproj", "{3D03F810-3D84-49A9-9BE5-355E77757C7B}"
EndProject
Project("{FAE04EC0-301F-11D3-BF4B-00C04F79EFBC}") = "Discord.Shared", "Discord.Shared\Discord.Shared.csproj", "{68337D57-0F10-4174-98A6-82544CB3F047}"
EndProject
Project("{FAE04EC0-301F-11D3-BF4B-00C04F79EFBC}") = "Discord.Server", "Discord.Server\Discord.Server.csproj", "{40B0A6A2-91DB-44BB-9017-D9C3B8E24D4F}"
EndProject
Global
	GlobalSection(SolutionConfigurationPlatforms) = preSolution
		Debug|Any CPU = Debug|Any CPU
		Release|Any CPU = Release|Any CPU
	EndGlobalSection
	GlobalSection(ProjectConfigurationPlatforms) = postSolution
		{0DCB7D50-8F0E-4569-B68C-4B32AD904469}.Debug|Any CPU.ActiveCfg = Debug|Any CPU
		{0DCB7D50-8F0E-4569-B68C-4B32AD904469}.Debug|Any CPU.Build.0 = Debug|Any CPU
		{0DCB7D50-8F0E-4569-B68C-4B32AD904469}.Release|Any CPU.ActiveCfg = Release|Any CPU
		{0DCB7D50-8F0E-4569-B68C-4B32AD904469}.Release|Any CPU.Build.0 = Release|Any CPU
		{3443B723-0527-41A8-B367-95B7FA1AFEDC}.Debug|Any CPU.ActiveCfg = Debug|Any CPU
		{3443B723-0527-41A8-B367-95B7FA1AFEDC}.Debug|Any CPU.Build.0 = Debug|Any CPU
		{3443B723-0527-41A8-B367-95B7FA1AFEDC}.Release|Any CPU.ActiveCfg = Release|Any CPU
		{3443B723-0527-41A8-B367-95B7FA1AFEDC}.Release|Any CPU.Build.0 = Release|Any CPU
		{13186E55-2C19-4697-95CF-EA3585A8A8F6}.Debug|Any CPU.ActiveCfg = Debug|Any CPU
		{13186E55-2C19-4697-95CF-EA3585A8A8F6}.Debug|Any CPU.Build.0 = Debug|Any CPU
		{13186E55-2C19-4697-95CF-EA3585A8A8F6}.Release|Any CPU.ActiveCfg = Release|Any CPU
		{13186E55-2C19-4697-95CF-EA3585A8A8F6}.Release|Any CPU.Build.0 = Release|Any CPU
		{B16FA462-A4E7-43B5-AAC1-B980343933C1}.Debug|Any CPU.ActiveCfg = Debug|Any CPU
		{B16FA462-A4E7-43B5-AAC1-B980343933C1}.Debug|Any CPU.Build.0 = Debug|Any CPU
		{B16FA462-A4E7-43B5-AAC1-B980343933C1}.Release|Any CPU.ActiveCfg = Release|Any CPU
		{B16FA462-A4E7-43B5-AAC1-B980343933C1}.Release|Any CPU.Build.0 = Release|Any CPU
		{3D03F810-3D84-49A9-9BE5-355E77757C7B}.Debug|Any CPU.ActiveCfg = Debug|Any CPU
		{3D03F810-3D84-49A9-9BE5-355E77757C7B}.Debug|Any CPU.Build.0 = Debug|Any CPU
		{3D03F810-3D84-49A9-9BE5-355E77757C7B}.Release|Any CPU.ActiveCfg = Release|Any CPU
		{3D03F810-3D84-49A9-9BE5-355E77757C7B}.Release|Any CPU.Build.0 = Release|Any CPU
		{68337D57-0F10-4174-98A6-82544CB3F047}.Debug|Any CPU.ActiveCfg = Debug|Any CPU
		{68337D57-0F10-4174-98A6-82544CB3F047}.Debug|Any CPU.Build.0 = Debug|Any CPU
		{68337D57-0F10-4174-98A6-82544CB3F047}.Release|Any CPU.ActiveCfg = Release|Any CPU
		{68337D57-0F10-4174-98A6-82544CB3F047}.Release|Any CPU.Build.0 = Release|Any CPU
		{40B0A6A2-91DB-44BB-9017-D9C3B8E24D4F}.Debug|Any CPU.ActiveCfg = Debug|Any CPU
		{40B0A6A2-91DB-44BB-9017-D9C3B8E24D4F}.Debug|Any CPU.Build.0 = Debug|Any CPU
		{40B0A6A2-91DB-44BB-9017-D9C3B8E24D4F}.Release|Any CPU.ActiveCfg = Release|Any CPU
		{40B0A6A2-91DB-44BB-9017-D9C3B8E24D4F}.Release|Any CPU.Build.0 = Release|Any CPU
	EndGlobalSection
	GlobalSection(SolutionProperties) = preSolution
		HideSolutionNode = FALSE
	EndGlobalSection
	GlobalSection(ExtensibilityGlobals) = postSolution
		SolutionGuid = {CA93AE84-3335-4E42-85E3-64392F1AA754}
	EndGlobalSection
EndGlobal
